// !$*UTF8*$!
{
	archiveVersion = 1;
	classes = {
	};
	objectVersion = 46;
	objects = {

/* Begin PBXBuildFile section */
		3FE1CC6E1C850DD90024A419 /* AppDelegate.swift in Sources */ = {isa = PBXBuildFile; fileRef = 3FE1CC6D1C850DD90024A419 /* AppDelegate.swift */; };
		3FE1CC731C850DD90024A419 /* Main.storyboard in Resources */ = {isa = PBXBuildFile; fileRef = 3FE1CC711C850DD90024A419 /* Main.storyboard */; };
		3FE1CC751C850DD90024A419 /* Assets.xcassets in Resources */ = {isa = PBXBuildFile; fileRef = 3FE1CC741C850DD90024A419 /* Assets.xcassets */; };
		3FE1CC781C850DD90024A419 /* LaunchScreen.storyboard in Resources */ = {isa = PBXBuildFile; fileRef = 3FE1CC761C850DD90024A419 /* LaunchScreen.storyboard */; };
		3FE1CC831C850DDA0024A419 /* testTests.swift in Sources */ = {isa = PBXBuildFile; fileRef = 3FE1CC821C850DDA0024A419 /* testTests.swift */; };
		3FE1CC8E1C850DDA0024A419 /* testUITests.swift in Sources */ = {isa = PBXBuildFile; fileRef = 3FE1CC8D1C850DDA0024A419 /* testUITests.swift */; };
		3FE1CC9C1C850F6F0024A419 /* ThingsToDo.swift in Sources */ = {isa = PBXBuildFile; fileRef = 3FE1CC9B1C850F6F0024A419 /* ThingsToDo.swift */; };
		3FE1CC9E1C850F8D0024A419 /* RootViewController.swift in Sources */ = {isa = PBXBuildFile; fileRef = 3FE1CC9D1C850F8D0024A419 /* RootViewController.swift */; };
		3FE1CCA01C850F9E0024A419 /* AddViewController.swift in Sources */ = {isa = PBXBuildFile; fileRef = 3FE1CC9F1C850F9E0024A419 /* AddViewController.swift */; };
/* End PBXBuildFile section */

/* Begin PBXContainerItemProxy section */
		3FE1CC7F1C850DDA0024A419 /* PBXContainerItemProxy */ = {
			isa = PBXContainerItemProxy;
			containerPortal = 3FE1CC621C850DD90024A419 /* Project object */;
			proxyType = 1;
			remoteGlobalIDString = 3FE1CC691C850DD90024A419;
			remoteInfo = test;
		};
		3FE1CC8A1C850DDA0024A419 /* PBXContainerItemProxy */ = {
			isa = PBXContainerItemProxy;
			containerPortal = 3FE1CC621C850DD90024A419 /* Project object */;
			proxyType = 1;
			remoteGlobalIDString = 3FE1CC691C850DD90024A419;
			remoteInfo = test;
		};
/* End PBXContainerItemProxy section */

/* Begin PBXFileReference section */
		3FE1CC6A1C850DD90024A419 /* test.app */ = {isa = PBXFileReference; explicitFileType = wrapper.application; includeInIndex = 0; path = test.app; sourceTree = BUILT_PRODUCTS_DIR; };
		3FE1CC6D1C850DD90024A419 /* AppDelegate.swift */ = {isa = PBXFileReference; lastKnownFileType = sourcecode.swift; path = AppDelegate.swift; sourceTree = "<group>"; };
		3FE1CC721C850DD90024A419 /* Base */ = {isa = PBXFileReference; lastKnownFileType = file.storyboard; name = Base; path = Base.lproj/Main.storyboard; sourceTree = "<group>"; };
		3FE1CC741C850DD90024A419 /* Assets.xcassets */ = {isa = PBXFileReference; lastKnownFileType = folder.assetcatalog; path = Assets.xcassets; sourceTree = "<group>"; };
		3FE1CC771C850DD90024A419 /* Base */ = {isa = PBXFileReference; lastKnownFileType = file.storyboard; name = Base; path = Base.lproj/LaunchScreen.storyboard; sourceTree = "<group>"; };
		3FE1CC791C850DD90024A419 /* Info.plist */ = {isa = PBXFileReference; lastKnownFileType = text.plist.xml; path = Info.plist; sourceTree = "<group>"; };
		3FE1CC7E1C850DDA0024A419 /* testTests.xctest */ = {isa = PBXFileReference; explicitFileType = wrapper.cfbundle; includeInIndex = 0; path = testTests.xctest; sourceTree = BUILT_PRODUCTS_DIR; };
		3FE1CC821C850DDA0024A419 /* testTests.swift */ = {isa = PBXFileReference; lastKnownFileType = sourcecode.swift; path = testTests.swift; sourceTree = "<group>"; };
		3FE1CC841C850DDA0024A419 /* Info.plist */ = {isa = PBXFileReference; lastKnownFileType = text.plist.xml; path = Info.plist; sourceTree = "<group>"; };
		3FE1CC891C850DDA0024A419 /* testUITests.xctest */ = {isa = PBXFileReference; explicitFileType = wrapper.cfbundle; includeInIndex = 0; path = testUITests.xctest; sourceTree = BUILT_PRODUCTS_DIR; };
		3FE1CC8D1C850DDA0024A419 /* testUITests.swift */ = {isa = PBXFileReference; lastKnownFileType = sourcecode.swift; path = testUITests.swift; sourceTree = "<group>"; };
		3FE1CC8F1C850DDA0024A419 /* Info.plist */ = {isa = PBXFileReference; lastKnownFileType = text.plist.xml; path = Info.plist; sourceTree = "<group>"; };
		3FE1CC9B1C850F6F0024A419 /* ThingsToDo.swift */ = {isa = PBXFileReference; fileEncoding = 4; lastKnownFileType = sourcecode.swift; path = ThingsToDo.swift; sourceTree = "<group>"; };
		3FE1CC9D1C850F8D0024A419 /* RootViewController.swift */ = {isa = PBXFileReference; fileEncoding = 4; lastKnownFileType = sourcecode.swift; path = RootViewController.swift; sourceTree = "<group>"; };
		3FE1CC9F1C850F9E0024A419 /* AddViewController.swift */ = {isa = PBXFileReference; fileEncoding = 4; lastKnownFileType = sourcecode.swift; path = AddViewController.swift; sourceTree = "<group>"; };
/* End PBXFileReference section */

/* Begin PBXFrameworksBuildPhase section */
		3FE1CC671C850DD90024A419 /* Frameworks */ = {
			isa = PBXFrameworksBuildPhase;
			buildActionMask = 2147483647;
			files = (
			);
			runOnlyForDeploymentPostprocessing = 0;
		};
		3FE1CC7B1C850DDA0024A419 /* Frameworks */ = {
			isa = PBXFrameworksBuildPhase;
			buildActionMask = 2147483647;
			files = (
			);
			runOnlyForDeploymentPostprocessing = 0;
		};
		3FE1CC861C850DDA0024A419 /* Frameworks */ = {
			isa = PBXFrameworksBuildPhase;
			buildActionMask = 2147483647;
			files = (
			);
			runOnlyForDeploymentPostprocessing = 0;
		};
/* End PBXFrameworksBuildPhase section */

/* Begin PBXGroup section */
		3FE1CC611C850DD90024A419 = {
			isa = PBXGroup;
			children = (
				3FE1CC6C1C850DD90024A419 /* test */,
				3FE1CC811C850DDA0024A419 /* testTests */,
				3FE1CC8C1C850DDA0024A419 /* testUITests */,
				3FE1CC6B1C850DD90024A419 /* Products */,
			);
			sourceTree = "<group>";
		};
		3FE1CC6B1C850DD90024A419 /* Products */ = {
			isa = PBXGroup;
			children = (
				3FE1CC6A1C850DD90024A419 /* test.app */,
				3FE1CC7E1C850DDA0024A419 /* testTests.xctest */,
				3FE1CC891C850DDA0024A419 /* testUITests.xctest */,
			);
			name = Products;
			sourceTree = "<group>";
		};
		3FE1CC6C1C850DD90024A419 /* test */ = {
			isa = PBXGroup;
			children = (
				3FE1CC6D1C850DD90024A419 /* AppDelegate.swift */,
				3FE1CC711C850DD90024A419 /* Main.storyboard */,
				3FE1CC9D1C850F8D0024A419 /* RootViewController.swift */,
				3FE1CC9B1C850F6F0024A419 /* ThingsToDo.swift */,
				3FE1CC9F1C850F9E0024A419 /* AddViewController.swift */,
				3FE1CC741C850DD90024A419 /* Assets.xcassets */,
				3FE1CC761C850DD90024A419 /* LaunchScreen.storyboard */,
				3FE1CC791C850DD90024A419 /* Info.plist */,
			);
			path = test;
			sourceTree = "<group>";
		};
		3FE1CC811C850DDA0024A419 /* testTests */ = {
			isa = PBXGroup;
			children = (
				3FE1CC821C850DDA0024A419 /* testTests.swift */,
				3FE1CC841C850DDA0024A419 /* Info.plist */,
			);
			path = testTests;
			sourceTree = "<group>";
		};
		3FE1CC8C1C850DDA0024A419 /* testUITests */ = {
			isa = PBXGroup;
			children = (
				3FE1CC8D1C850DDA0024A419 /* testUITests.swift */,
				3FE1CC8F1C850DDA0024A419 /* Info.plist */,
			);
			path = testUITests;
			sourceTree = "<group>";
		};
/* End PBXGroup section */

/* Begin PBXNativeTarget section */
		3FE1CC691C850DD90024A419 /* test */ = {
			isa = PBXNativeTarget;
			buildConfigurationList = 3FE1CC921C850DDA0024A419 /* Build configuration list for PBXNativeTarget "test" */;
			buildPhases = (
				3FE1CC661C850DD90024A419 /* Sources */,
				3FE1CC671C850DD90024A419 /* Frameworks */,
				3FE1CC681C850DD90024A419 /* Resources */,
			);
			buildRules = (
			);
			dependencies = (
			);
			name = test;
			productName = test;
			productReference = 3FE1CC6A1C850DD90024A419 /* test.app */;
			productType = "com.apple.product-type.application";
		};
		3FE1CC7D1C850DDA0024A419 /* testTests */ = {
			isa = PBXNativeTarget;
			buildConfigurationList = 3FE1CC951C850DDA0024A419 /* Build configuration list for PBXNativeTarget "testTests" */;
			buildPhases = (
				3FE1CC7A1C850DDA0024A419 /* Sources */,
				3FE1CC7B1C850DDA0024A419 /* Frameworks */,
				3FE1CC7C1C850DDA0024A419 /* Resources */,
			);
			buildRules = (
			);
			dependencies = (
				3FE1CC801C850DDA0024A419 /* PBXTargetDependency */,
			);
			name = testTests;
			productName = testTests;
			productReference = 3FE1CC7E1C850DDA0024A419 /* testTests.xctest */;
			productType = "com.apple.product-type.bundle.unit-test";
		};
		3FE1CC881C850DDA0024A419 /* testUITests */ = {
			isa = PBXNativeTarget;
			buildConfigurationList = 3FE1CC981C850DDA0024A419 /* Build configuration list for PBXNativeTarget "testUITests" */;
			buildPhases = (
				3FE1CC851C850DDA0024A419 /* Sources */,
				3FE1CC861C850DDA0024A419 /* Frameworks */,
				3FE1CC871C850DDA0024A419 /* Resources */,
			);
			buildRules = (
			);
			dependencies = (
				3FE1CC8B1C850DDA0024A419 /* PBXTargetDependency */,
			);
			name = testUITests;
			productName = testUITests;
			productReference = 3FE1CC891C850DDA0024A419 /* testUITests.xctest */;
			productType = "com.apple.product-type.bundle.ui-testing";
		};
/* End PBXNativeTarget section */

/* Begin PBXProject section */
		3FE1CC621C850DD90024A419 /* Project object */ = {
			isa = PBXProject;
			attributes = {
				LastSwiftUpdateCheck = 0720;
				LastUpgradeCheck = 0720;
				ORGANIZATIONNAME = "Jeremy Labrado";
				TargetAttributes = {
					3FE1CC691C850DD90024A419 = {
						CreatedOnToolsVersion = 7.2.1;
					};
					3FE1CC7D1C850DDA0024A419 = {
						CreatedOnToolsVersion = 7.2.1;
						TestTargetID = 3FE1CC691C850DD90024A419;
					};
					3FE1CC881C850DDA0024A419 = {
						CreatedOnToolsVersion = 7.2.1;
						TestTargetID = 3FE1CC691C850DD90024A419;
					};
				};
			};
			buildConfigurationList = 3FE1CC651C850DD90024A419 /* Build configuration list for PBXProject "test" */;
			compatibilityVersion = "Xcode 3.2";
			developmentRegion = English;
			hasScannedForEncodings = 0;
			knownRegions = (
				en,
				Base,
			);
			mainGroup = 3FE1CC611C850DD90024A419;
			productRefGroup = 3FE1CC6B1C850DD90024A419 /* Products */;
			projectDirPath = "";
			projectRoot = "";
			targets = (
				3FE1CC691C850DD90024A419 /* test */,
				3FE1CC7D1C850DDA0024A419 /* testTests */,
				3FE1CC881C850DDA0024A419 /* testUITests */,
			);
		};
/* End PBXProject section */

/* Begin PBXResourcesBuildPhase section */
		3FE1CC681C850DD90024A419 /* Resources */ = {
			isa = PBXResourcesBuildPhase;
			buildActionMask = 2147483647;
			files = (
				3FE1CC781C850DD90024A419 /* LaunchScreen.storyboard in Resources */,
				3FE1CC751C850DD90024A419 /* Assets.xcassets in Resources */,
				3FE1CC731C850DD90024A419 /* Main.storyboard in Resources */,
			);
			runOnlyForDeploymentPostprocessing = 0;
		};
		3FE1CC7C1C850DDA0024A419 /* Resources */ = {
			isa = PBXResourcesBuildPhase;
			buildActionMask = 2147483647;
			files = (
			);
			runOnlyForDeploymentPostprocessing = 0;
		};
		3FE1CC871C850DDA0024A419 /* Resources */ = {
			isa = PBXResourcesBuildPhase;
			buildActionMask = 2147483647;
			files = (
			);
			runOnlyForDeploymentPostprocessing = 0;
		};
/* End PBXResourcesBuildPhase section */

/* Begin PBXSourcesBuildPhase section */
		3FE1CC661C850DD90024A419 /* Sources */ = {
			isa = PBXSourcesBuildPhase;
			buildActionMask = 2147483647;
			files = (
				3FE1CC9C1C850F6F0024A419 /* ThingsToDo.swift in Sources */,
				3FE1CC6E1C850DD90024A419 /* AppDelegate.swift in Sources */,
				3FE1CCA01C850F9E0024A419 /* AddViewController.swift in Sources */,
				3FE1CC9E1C850F8D0024A419 /* RootViewController.swift in Sources */,
			);
			runOnlyForDeploymentPostprocessing = 0;
		};
		3FE1CC7A1C850DDA0024A419 /* Sources */ = {
			isa = PBXSourcesBuildPhase;
			buildActionMask = 2147483647;
			files = (
				3FE1CC831C850DDA0024A419 /* testTests.swift in Sources */,
			);
			runOnlyForDeploymentPostprocessing = 0;
		};
		3FE1CC851C850DDA0024A419 /* Sources */ = {
			isa = PBXSourcesBuildPhase;
			buildActionMask = 2147483647;
			files = (
				3FE1CC8E1C850DDA0024A419 /* testUITests.swift in Sources */,
			);
			runOnlyForDeploymentPostprocessing = 0;
		};
/* End PBXSourcesBuildPhase section */

/* Begin PBXTargetDependency section */
		3FE1CC801C850DDA0024A419 /* PBXTargetDependency */ = {
			isa = PBXTargetDependency;
			target = 3FE1CC691C850DD90024A419 /* test */;
			targetProxy = 3FE1CC7F1C850DDA0024A419 /* PBXContainerItemProxy */;
		};
		3FE1CC8B1C850DDA0024A419 /* PBXTargetDependency */ = {
			isa = PBXTargetDependency;
			target = 3FE1CC691C850DD90024A419 /* test */;
			targetProxy = 3FE1CC8A1C850DDA0024A419 /* PBXContainerItemProxy */;
		};
/* End PBXTargetDependency section */

/* Begin PBXVariantGroup section */
		3FE1CC711C850DD90024A419 /* Main.storyboard */ = {
			isa = PBXVariantGroup;
			children = (
				3FE1CC721C850DD90024A419 /* Base */,
			);
			name = Main.storyboard;
			sourceTree = "<group>";
		};
		3FE1CC761C850DD90024A419 /* LaunchScreen.storyboard */ = {
			isa = PBXVariantGroup;
			children = (
				3FE1CC771C850DD90024A419 /* Base */,
			);
			name = LaunchScreen.storyboard;
			sourceTree = "<group>";
		};
/* End PBXVariantGroup section */

/* Begin XCBuildConfiguration section */
		3FE1CC901C850DDA0024A419 /* Debug */ = {
			isa = XCBuildConfiguration;
			buildSettings = {
				ALWAYS_SEARCH_USER_PATHS = NO;
				CLANG_CXX_LANGUAGE_STANDARD = "gnu++0x";
				CLANG_CXX_LIBRARY = "libc++";
				CLANG_ENABLE_MODULES = YES;
				CLANG_ENABLE_OBJC_ARC = YES;
				CLANG_WARN_BOOL_CONVERSION = YES;
				CLANG_WARN_CONSTANT_CONVERSION = YES;
				CLANG_WARN_DIRECT_OBJC_ISA_USAGE = YES_ERROR;
				CLANG_WARN_EMPTY_BODY = YES;
				CLANG_WARN_ENUM_CONVERSION = YES;
				CLANG_WARN_INT_CONVERSION = YES;
				CLANG_WARN_OBJC_ROOT_CLASS = YES_ERROR;
				CLANG_WARN_UNREACHABLE_CODE = YES;
				CLANG_WARN__DUPLICATE_METHOD_MATCH = YES;
				"CODE_SIGN_IDENTITY[sdk=iphoneos*]" = "iPhone Developer";
				COPY_PHASE_STRIP = NO;
				DEBUG_INFORMATION_FORMAT = dwarf;
				ENABLE_STRICT_OBJC_MSGSEND = YES;
				ENABLE_TESTABILITY = YES;
				GCC_C_LANGUAGE_STANDARD = gnu99;
				GCC_DYNAMIC_NO_PIC = NO;
				GCC_NO_COMMON_BLOCKS = YES;
				GCC_OPTIMIZATION_LEVEL = 0;
				GCC_PREPROCESSOR_DEFINITIONS = (
					"DEBUG=1",
					"$(inherited)",
				);
				GCC_WARN_64_TO_32_BIT_CONVERSION = YES;
				GCC_WARN_ABOUT_RETURN_TYPE = YES_ERROR;
				GCC_WARN_UNDECLARED_SELECTOR = YES;
				GCC_WARN_UNINITIALIZED_AUTOS = YES_AGGRESSIVE;
				GCC_WARN_UNUSED_FUNCTION = YES;
				GCC_WARN_UNUSED_VARIABLE = YES;
				IPHONEOS_DEPLOYMENT_TARGET = 9.2;
				MTL_ENABLE_DEBUG_INFO = YES;
				ONLY_ACTIVE_ARCH = YES;
				SDKROOT = iphoneos;
				SWIFT_OPTIMIZATION_LEVEL = "-Onone";
				TARGETED_DEVICE_FAMILY = "1,2";
			};
			name = Debug;
		};
		3FE1CC911C850DDA0024A419 /* Release */ = {
			isa = XCBuildConfiguration;
			buildSettings = {
				ALWAYS_SEARCH_USER_PATHS = NO;
				CLANG_CXX_LANGUAGE_STANDARD = "gnu++0x";
				CLANG_CXX_LIBRARY = "libc++";
				CLANG_ENABLE_MODULES = YES;
				CLANG_ENABLE_OBJC_ARC = YES;
				CLANG_WARN_BOOL_CONVERSION = YES;
				CLANG_WARN_CONSTANT_CONVERSION = YES;
				CLANG_WARN_DIRECT_OBJC_ISA_USAGE = YES_ERROR;
				CLANG_WARN_EMPTY_BODY = YES;
				CLANG_WARN_ENUM_CONVERSION = YES;
				CLANG_WARN_INT_CONVERSION = YES;
				CLANG_WARN_OBJC_ROOT_CLASS = YES_ERROR;
				CLANG_WARN_UNREACHABLE_CODE = YES;
				CLANG_WARN__DUPLICATE_METHOD_MATCH = YES;
				"CODE_SIGN_IDENTITY[sdk=iphoneos*]" = "iPhone Developer";
				COPY_PHASE_STRIP = NO;
				DEBUG_INFORMATION_FORMAT = "dwarf-with-dsym";
				ENABLE_NS_ASSERTIONS = NO;
				ENABLE_STRICT_OBJC_MSGSEND = YES;
				GCC_C_LANGUAGE_STANDARD = gnu99;
				GCC_NO_COMMON_BLOCKS = YES;
				GCC_WARN_64_TO_32_BIT_CONVERSION = YES;
				GCC_WARN_ABOUT_RETURN_TYPE = YES_ERROR;
				GCC_WARN_UNDECLARED_SELECTOR = YES;
				GCC_WARN_UNINITIALIZED_AUTOS = YES_AGGRESSIVE;
				GCC_WARN_UNUSED_FUNCTION = YES;
				GCC_WARN_UNUSED_VARIABLE = YES;
				IPHONEOS_DEPLOYMENT_TARGET = 9.2;
				MTL_ENABLE_DEBUG_INFO = NO;
				SDKROOT = iphoneos;
				TARGETED_DEVICE_FAMILY = "1,2";
				VALIDATE_PRODUCT = YES;
			};
			name = Release;
		};
		3FE1CC931C850DDA0024A419 /* Debug */ = {
			isa = XCBuildConfiguration;
			buildSettings = {
				ASSETCATALOG_COMPILER_APPICON_NAME = AppIcon;
				INFOPLIST_FILE = test/Info.plist;
				LD_RUNPATH_SEARCH_PATHS = "$(inherited) @executable_path/Frameworks";
				PRODUCT_BUNDLE_IDENTIFIER = com.jeremy.test;
				PRODUCT_NAME = "$(TARGET_NAME)";
			};
			name = Debug;
		};
		3FE1CC941C850DDA0024A419 /* Release */ = {
			isa = XCBuildConfiguration;
			buildSettings = {
				ASSETCATALOG_COMPILER_APPICON_NAME = AppIcon;
				INFOPLIST_FILE = test/Info.plist;
				LD_RUNPATH_SEARCH_PATHS = "$(inherited) @executable_path/Frameworks";
				PRODUCT_BUNDLE_IDENTIFIER = com.jeremy.test;
				PRODUCT_NAME = "$(TARGET_NAME)";
			};
			name = Release;
		};
		3FE1CC961C850DDA0024A419 /* Debug */ = {
			isa = XCBuildConfiguration;
			buildSettings = {
				BUNDLE_LOADER = "$(TEST_HOST)";
				INFOPLIST_FILE = testTests/Info.plist;
				LD_RUNPATH_SEARCH_PATHS = "$(inherited) @executable_path/Frameworks @loader_path/Frameworks";
				PRODUCT_BUNDLE_IDENTIFIER = com.jeremy.testTests;
				PRODUCT_NAME = "$(TARGET_NAME)";
				TEST_HOST = "$(BUILT_PRODUCTS_DIR)/test.app/test";
			};
			name = Debug;
		};
		3FE1CC971C850DDA0024A419 /* Release */ = {
			isa = XCBuildConfiguration;
			buildSettings = {
				BUNDLE_LOADER = "$(TEST_HOST)";
				INFOPLIST_FILE = testTests/Info.plist;
				LD_RUNPATH_SEARCH_PATHS = "$(inherited) @executable_path/Frameworks @loader_path/Frameworks";
				PRODUCT_BUNDLE_IDENTIFIER = com.jeremy.testTests;
				PRODUCT_NAME = "$(TARGET_NAME)";
				TEST_HOST = "$(BUILT_PRODUCTS_DIR)/test.app/test";
			};
			name = Release;
		};
		3FE1CC991C850DDA0024A419 /* Debug */ = {
			isa = XCBuildConfiguration;
			buildSettings = {
				INFOPLIST_FILE = testUITests/Info.plist;
				LD_RUNPATH_SEARCH_PATHS = "$(inherited) @executable_path/Frameworks @loader_path/Frameworks";
				PRODUCT_BUNDLE_IDENTIFIER = com.jeremy.testUITests;
				PRODUCT_NAME = "$(TARGET_NAME)";
				TEST_TARGET_NAME = test;
				USES_XCTRUNNER = YES;
			};
			name = Debug;
		};
		3FE1CC9A1C850DDA0024A419 /* Release */ = {
			isa = XCBuildConfiguration;
			buildSettings = {
				INFOPLIST_FILE = testUITests/Info.plist;
				LD_RUNPATH_SEARCH_PATHS = "$(inherited) @executable_path/Frameworks @loader_path/Frameworks";
				PRODUCT_BUNDLE_IDENTIFIER = com.jeremy.testUITests;
				PRODUCT_NAME = "$(TARGET_NAME)";
				TEST_TARGET_NAME = test;
				USES_XCTRUNNER = YES;
			};
			name = Release;
		};
/* End XCBuildConfiguration section */

/* Begin XCConfigurationList section */
		3FE1CC651C850DD90024A419 /* Build configuration list for PBXProject "test" */ = {
			isa = XCConfigurationList;
			buildConfigurations = (
				3FE1CC901C850DDA0024A419 /* Debug */,
				3FE1CC911C850DDA0024A419 /* Release */,
			);
			defaultConfigurationIsVisible = 0;
			defaultConfigurationName = Release;
		};
		3FE1CC921C850DDA0024A419 /* Build configuration list for PBXNativeTarget "test" */ = {
			isa = XCConfigurationList;
			buildConfigurations = (
				3FE1CC931C850DDA0024A419 /* Debug */,
				3FE1CC941C850DDA0024A419 /* Release */,
			);
			defaultConfigurationIsVisible = 0;
		};
		3FE1CC951C850DDA0024A419 /* Build configuration list for PBXNativeTarget "testTests" */ = {
			isa = XCConfigurationList;
			buildConfigurations = (
				3FE1CC961C850DDA0024A419 /* Debug */,
				3FE1CC971C850DDA0024A419 /* Release */,
			);
			defaultConfigurationIsVisible = 0;
		};
		3FE1CC981C850DDA0024A419 /* Build configuration list for PBXNativeTarget "testUITests" */ = {
			isa = XCConfigurationList;
			buildConfigurations = (
				3FE1CC991C850DDA0024A419 /* Debug */,
				3FE1CC9A1C850DDA0024A419 /* Release */,
			);
			defaultConfigurationIsVisible = 0;
		};
/* End XCConfigurationList section */
	};
	rootObject = 3FE1CC621C850DD90024A419 /* Project object */;
}
